{
  "version": 4,
  "terraform_version": "1.9.8",
  "serial": 21,
  "lineage": "5a00d2a7-5324-b44d-0b3b-37d9008a2bf8",
  "outputs": {
    "vm1_public_ip": {
      "value": "20.42.205.185",
      "type": "string"
    },
    "vm2_private_ip": {
      "value": "10.15.0.4",
      "type": "string"
    }
  },
  "resources": [
    {
      "mode": "managed",
      "type": "azurerm_linux_virtual_machine",
      "name": "vm1",
      "provider": "provider[\"registry.terraform.io/hashicorp/azurerm\"]",
      "instances": [
        {
          "schema_version": 0,
          "attributes": {
            "additional_capabilities": [],
            "admin_password": null,
            "admin_ssh_key": [
              {
                "public_key": "ssh-rsa AAAAB3NzaC1yc2EAAAADAQABAAABAQC+wgMHyJHf1jc0i6BuelWaj39H+IFVm2tbKvvkUqgcHbu3WNlXaH3mFFa/Eir4lg5Q3Jg7liLAHVAK4chFw35jb4YXJBkQkAA9B/9oAQlK1OAUcTnFGxL7GudUgGxpg/0lJB2VMOqDl758vfrkAGv7Jc3XqXXoOzHSKYlL7o2bOMjLkm2b9cibgj8J1ntR5v3h/19uNVK6ziYC9jIhm5B6mMct3DKnx+JdiGeE4oXlXC9g7frUumv9A3T7Rzu6N5yjwwmKxfW8XKcUdz/UvzHFHI5khQ4Ad5TG9+Yzx2loCUcrbB4Hbcs1kKFrt2wklSJgGiBElFy5d2viYeCZ4Xtr\n",
                "username": "adminuser"
              }
            ],
            "admin_username": "adminuser",
            "allow_extension_operations": true,
            "availability_set_id": "",
            "boot_diagnostics": [],
            "bypass_platform_safety_checks_on_user_schedule_enabled": false,
            "capacity_reservation_group_id": "",
            "computer_name": "vm1",
            "custom_data": null,
            "dedicated_host_group_id": "",
            "dedicated_host_id": "",
            "disable_password_authentication": true,
            "disk_controller_type": "SCSI",
            "edge_zone": "",
            "encryption_at_host_enabled": false,
            "eviction_policy": "",
            "extensions_time_budget": "PT1H30M",
            "gallery_application": [],
            "id": "/subscriptions/28e22318-ce45-4187-bd12-b3954b658426/resourceGroups/rg-11/providers/Microsoft.Compute/virtualMachines/vm1",
            "identity": [],
            "license_type": "",
            "location": "australiaeast",
            "max_bid_price": -1,
            "name": "vm1",
            "network_interface_ids": [
              "/subscriptions/28e22318-ce45-4187-bd12-b3954b658426/resourceGroups/rg-11/providers/Microsoft.Network/networkInterfaces/vm1-nic"
            ],
            "os_disk": [
              {
                "caching": "ReadWrite",
                "diff_disk_settings": [],
                "disk_encryption_set_id": "",
                "disk_size_gb": 30,
                "name": "vm1_OsDisk_1_92acf7cebe604f5a8800c28c91e71273",
                "secure_vm_disk_encryption_set_id": "",
                "security_encryption_type": "",
                "storage_account_type": "Standard_LRS",
                "write_accelerator_enabled": false
              }
            ],
            "os_image_notification": [],
            "patch_assessment_mode": "ImageDefault",
            "patch_mode": "ImageDefault",
            "plan": [],
            "platform_fault_domain": -1,
            "priority": "Regular",
            "private_ip_address": "10.5.0.4",
            "private_ip_addresses": [
              "10.5.0.4"
            ],
            "provision_vm_agent": true,
            "proximity_placement_group_id": "",
            "public_ip_address": "20.42.205.185",
            "public_ip_addresses": [
              "20.42.205.185"
            ],
            "reboot_setting": "",
            "resource_group_name": "rg-11",
            "secret": [],
            "secure_boot_enabled": false,
            "size": "Standard_B1s",
            "source_image_id": "",
            "source_image_reference": [
              {
                "offer": "ubuntu-24_04-lts",
                "publisher": "Canonical",
                "sku": "server",
                "version": "latest"
              }
            ],
            "tags": {},
            "termination_notification": [],
            "timeouts": null,
            "user_data": "",
            "virtual_machine_id": "32f9e449-9cc0-49e7-808b-6808f75dae9a",
            "virtual_machine_scale_set_id": "",
            "vm_agent_platform_updates_enabled": false,
            "vtpm_enabled": false,
            "zone": ""
          },
          "sensitive_attributes": [
            [
              {
                "type": "get_attr",
                "value": "admin_password"
              }
            ],
            [
              {
                "type": "get_attr",
                "value": "custom_data"
              }
            ]
          ],
          "private": "eyJlMmJmYjczMC1lY2FhLTExZTYtOGY4OC0zNDM2M2JjN2M0YzAiOnsiY3JlYXRlIjoyNzAwMDAwMDAwMDAwLCJkZWxldGUiOjI3MDAwMDAwMDAwMDAsInJlYWQiOjMwMDAwMDAwMDAwMCwidXBkYXRlIjoyNzAwMDAwMDAwMDAwfX0=",
          "dependencies": [
            "azurerm_network_interface.vm1_nic",
            "azurerm_public_ip.vm1_public_ip",
            "azurerm_resource_group.rg",
            "azurerm_subnet.subnet1",
            "azurerm_virtual_network.vnet1",
            "tls_private_key.ssh_key"
          ]
        }
      ]
    },
    {
      "mode": "managed",
      "type": "azurerm_linux_virtual_machine",
      "name": "vm2",
      "provider": "provider[\"registry.terraform.io/hashicorp/azurerm\"]",
      "instances": [
        {
          "schema_version": 0,
          "attributes": {
            "additional_capabilities": [],
            "admin_password": null,
            "admin_ssh_key": [
              {
                "public_key": "ssh-rsa AAAAB3NzaC1yc2EAAAADAQABAAABAQC+wgMHyJHf1jc0i6BuelWaj39H+IFVm2tbKvvkUqgcHbu3WNlXaH3mFFa/Eir4lg5Q3Jg7liLAHVAK4chFw35jb4YXJBkQkAA9B/9oAQlK1OAUcTnFGxL7GudUgGxpg/0lJB2VMOqDl758vfrkAGv7Jc3XqXXoOzHSKYlL7o2bOMjLkm2b9cibgj8J1ntR5v3h/19uNVK6ziYC9jIhm5B6mMct3DKnx+JdiGeE4oXlXC9g7frUumv9A3T7Rzu6N5yjwwmKxfW8XKcUdz/UvzHFHI5khQ4Ad5TG9+Yzx2loCUcrbB4Hbcs1kKFrt2wklSJgGiBElFy5d2viYeCZ4Xtr\n",
                "username": "adminuser"
              }
            ],
            "admin_username": "adminuser",
            "allow_extension_operations": true,
            "availability_set_id": "",
            "boot_diagnostics": [],
            "bypass_platform_safety_checks_on_user_schedule_enabled": false,
            "capacity_reservation_group_id": "",
            "computer_name": "vm2",
            "custom_data": null,
            "dedicated_host_group_id": "",
            "dedicated_host_id": "",
            "disable_password_authentication": true,
            "disk_controller_type": "SCSI",
            "edge_zone": "",
            "encryption_at_host_enabled": false,
            "eviction_policy": "",
            "extensions_time_budget": "PT1H30M",
            "gallery_application": [],
            "id": "/subscriptions/28e22318-ce45-4187-bd12-b3954b658426/resourceGroups/rg-11/providers/Microsoft.Compute/virtualMachines/vm2",
            "identity": [],
            "license_type": "",
            "location": "australiaeast",
            "max_bid_price": -1,
            "name": "vm2",
            "network_interface_ids": [
              "/subscriptions/28e22318-ce45-4187-bd12-b3954b658426/resourceGroups/rg-11/providers/Microsoft.Network/networkInterfaces/vm2-nic"
            ],
            "os_disk": [
              {
                "caching": "ReadWrite",
                "diff_disk_settings": [],
                "disk_encryption_set_id": "",
                "disk_size_gb": 30,
                "name": "vm2_OsDisk_1_ecd1695be807486fb94a256316a14d81",
                "secure_vm_disk_encryption_set_id": "",
                "security_encryption_type": "",
                "storage_account_type": "Standard_LRS",
                "write_accelerator_enabled": false
              }
            ],
            "os_image_notification": [],
            "patch_assessment_mode": "ImageDefault",
            "patch_mode": "ImageDefault",
            "plan": [],
            "platform_fault_domain": -1,
            "priority": "Regular",
            "private_ip_address": "10.15.0.4",
            "private_ip_addresses": [
              "10.15.0.4"
            ],
            "provision_vm_agent": true,
            "proximity_placement_group_id": "",
            "public_ip_address": "",
            "public_ip_addresses": [],
            "reboot_setting": "",
            "resource_group_name": "rg-11",
            "secret": [],
            "secure_boot_enabled": false,
            "size": "Standard_B1s",
            "source_image_id": "",
            "source_image_reference": [
              {
                "offer": "ubuntu-24_04-lts",
                "publisher": "Canonical",
                "sku": "server",
                "version": "latest"
              }
            ],
            "tags": null,
            "termination_notification": null,
            "timeouts": null,
            "user_data": "",
            "virtual_machine_id": "a9ffcd8b-6469-4347-bb30-24ae09fc7057",
            "virtual_machine_scale_set_id": "",
            "vm_agent_platform_updates_enabled": false,
            "vtpm_enabled": false,
            "zone": ""
          },
          "sensitive_attributes": [
            [
              {
                "type": "get_attr",
                "value": "admin_password"
              }
            ],
            [
              {
                "type": "get_attr",
                "value": "custom_data"
              }
            ]
          ],
          "private": "eyJlMmJmYjczMC1lY2FhLTExZTYtOGY4OC0zNDM2M2JjN2M0YzAiOnsiY3JlYXRlIjoyNzAwMDAwMDAwMDAwLCJkZWxldGUiOjI3MDAwMDAwMDAwMDAsInJlYWQiOjMwMDAwMDAwMDAwMCwidXBkYXRlIjoyNzAwMDAwMDAwMDAwfX0=",
          "dependencies": [
            "azurerm_network_interface.vm2_nic",
            "azurerm_resource_group.rg",
            "azurerm_subnet.subnet2",
            "azurerm_virtual_network.vnet2",
            "tls_private_key.ssh_key"
          ]
        }
      ]
    },
    {
      "mode": "managed",
      "type": "azurerm_network_interface",
      "name": "vm1_nic",
      "provider": "provider[\"registry.terraform.io/hashicorp/azurerm\"]",
      "instances": [
        {
          "schema_version": 0,
          "attributes": {
            "accelerated_networking_enabled": false,
            "applied_dns_servers": [],
            "auxiliary_mode": "",
            "auxiliary_sku": "",
            "dns_servers": [],
            "edge_zone": "",
            "id": "/subscriptions/28e22318-ce45-4187-bd12-b3954b658426/resourceGroups/rg-11/providers/Microsoft.Network/networkInterfaces/vm1-nic",
            "internal_dns_name_label": "",
            "internal_domain_name_suffix": "mclpkfiaiugunh0a1jfsvc23ef.px.internal.cloudapp.net",
            "ip_configuration": [
              {
                "gateway_load_balancer_frontend_ip_configuration_id": "",
                "name": "internal",
                "primary": true,
                "private_ip_address": "10.5.0.4",
                "private_ip_address_allocation": "Dynamic",
                "private_ip_address_version": "IPv4",
                "public_ip_address_id": "/subscriptions/28e22318-ce45-4187-bd12-b3954b658426/resourceGroups/rg-11/providers/Microsoft.Network/publicIPAddresses/vm1-public-ip",
                "subnet_id": "/subscriptions/28e22318-ce45-4187-bd12-b3954b658426/resourceGroups/rg-11/providers/Microsoft.Network/virtualNetworks/vnet1/subnets/subnet1"
              }
            ],
            "ip_forwarding_enabled": false,
            "location": "australiaeast",
            "mac_address": "00-22-48-12-AD-12",
            "name": "vm1-nic",
            "private_ip_address": "10.5.0.4",
            "private_ip_addresses": [
              "10.5.0.4"
            ],
            "resource_group_name": "rg-11",
            "tags": {},
            "timeouts": null,
            "virtual_machine_id": "/subscriptions/28e22318-ce45-4187-bd12-b3954b658426/resourceGroups/rg-11/providers/Microsoft.Compute/virtualMachines/vm1"
          },
          "sensitive_attributes": [],
          "private": "eyJlMmJmYjczMC1lY2FhLTExZTYtOGY4OC0zNDM2M2JjN2M0YzAiOnsiY3JlYXRlIjoxODAwMDAwMDAwMDAwLCJkZWxldGUiOjE4MDAwMDAwMDAwMDAsInJlYWQiOjMwMDAwMDAwMDAwMCwidXBkYXRlIjoxODAwMDAwMDAwMDAwfX0=",
          "dependencies": [
            "azurerm_public_ip.vm1_public_ip",
            "azurerm_resource_group.rg",
            "azurerm_subnet.subnet1",
            "azurerm_virtual_network.vnet1"
          ]
        }
      ]
    },
    {
      "mode": "managed",
      "type": "azurerm_network_interface",
      "name": "vm2_nic",
      "provider": "provider[\"registry.terraform.io/hashicorp/azurerm\"]",
      "instances": [
        {
          "schema_version": 0,
          "attributes": {
            "accelerated_networking_enabled": false,
            "applied_dns_servers": [],
            "auxiliary_mode": "",
            "auxiliary_sku": "",
            "dns_servers": [],
            "edge_zone": "",
            "id": "/subscriptions/28e22318-ce45-4187-bd12-b3954b658426/resourceGroups/rg-11/providers/Microsoft.Network/networkInterfaces/vm2-nic",
            "internal_dns_name_label": "",
            "internal_domain_name_suffix": "o2jxo2r5nh4elhpe43re2x1vdd.px.internal.cloudapp.net",
            "ip_configuration": [
              {
                "gateway_load_balancer_frontend_ip_configuration_id": "",
                "name": "internal",
                "primary": true,
                "private_ip_address": "10.15.0.4",
                "private_ip_address_allocation": "Dynamic",
                "private_ip_address_version": "IPv4",
                "public_ip_address_id": "",
                "subnet_id": "/subscriptions/28e22318-ce45-4187-bd12-b3954b658426/resourceGroups/rg-11/providers/Microsoft.Network/virtualNetworks/vnet2/subnets/subnet2"
              }
            ],
            "ip_forwarding_enabled": false,
            "location": "australiaeast",
            "mac_address": "",
            "name": "vm2-nic",
            "private_ip_address": "10.15.0.4",
            "private_ip_addresses": [
              "10.15.0.4"
            ],
            "resource_group_name": "rg-11",
            "tags": {},
            "timeouts": null,
            "virtual_machine_id": ""
          },
          "sensitive_attributes": [],
          "private": "eyJlMmJmYjczMC1lY2FhLTExZTYtOGY4OC0zNDM2M2JjN2M0YzAiOnsiY3JlYXRlIjoxODAwMDAwMDAwMDAwLCJkZWxldGUiOjE4MDAwMDAwMDAwMDAsInJlYWQiOjMwMDAwMDAwMDAwMCwidXBkYXRlIjoxODAwMDAwMDAwMDAwfX0=",
          "dependencies": [
            "azurerm_resource_group.rg",
            "azurerm_subnet.subnet2",
            "azurerm_virtual_network.vnet2"
          ]
        }
      ]
    },
    {
      "mode": "managed",
      "type": "azurerm_public_ip",
      "name": "vm1_public_ip",
      "provider": "provider[\"registry.terraform.io/hashicorp/azurerm\"]",
      "instances": [
        {
          "schema_version": 0,
          "attributes": {
            "allocation_method": "Static",
            "ddos_protection_mode": "VirtualNetworkInherited",
            "ddos_protection_plan_id": null,
            "domain_name_label": null,
            "domain_name_label_scope": null,
            "edge_zone": "",
            "fqdn": null,
            "id": "/subscriptions/28e22318-ce45-4187-bd12-b3954b658426/resourceGroups/rg-11/providers/Microsoft.Network/publicIPAddresses/vm1-public-ip",
            "idle_timeout_in_minutes": 4,
            "ip_address": "20.42.205.185",
            "ip_tags": {},
            "ip_version": "IPv4",
            "location": "australiaeast",
            "name": "vm1-public-ip",
            "public_ip_prefix_id": null,
            "resource_group_name": "rg-11",
            "reverse_fqdn": null,
            "sku": "Standard",
            "sku_tier": "Regional",
            "tags": {},
            "timeouts": null,
            "zones": []
          },
          "sensitive_attributes": [],
          "private": "eyJlMmJmYjczMC1lY2FhLTExZTYtOGY4OC0zNDM2M2JjN2M0YzAiOnsiY3JlYXRlIjoxODAwMDAwMDAwMDAwLCJkZWxldGUiOjE4MDAwMDAwMDAwMDAsInJlYWQiOjMwMDAwMDAwMDAwMCwidXBkYXRlIjoxODAwMDAwMDAwMDAwfX0=",
          "dependencies": [
            "azurerm_resource_group.rg"
          ]
        }
      ]
    },
    {
      "mode": "managed",
      "type": "azurerm_resource_group",
      "name": "rg",
      "provider": "provider[\"registry.terraform.io/hashicorp/azurerm\"]",
      "instances": [
        {
          "schema_version": 0,
          "attributes": {
            "id": "/subscriptions/28e22318-ce45-4187-bd12-b3954b658426/resourceGroups/rg-11",
            "location": "australiaeast",
            "managed_by": "",
            "name": "rg-11",
            "tags": {},
            "timeouts": null
          },
          "sensitive_attributes": [],
          "private": "eyJlMmJmYjczMC1lY2FhLTExZTYtOGY4OC0zNDM2M2JjN2M0YzAiOnsiY3JlYXRlIjo1NDAwMDAwMDAwMDAwLCJkZWxldGUiOjU0MDAwMDAwMDAwMDAsInJlYWQiOjMwMDAwMDAwMDAwMCwidXBkYXRlIjo1NDAwMDAwMDAwMDAwfX0="
        }
      ]
    },
    {
      "mode": "managed",
      "type": "azurerm_subnet",
      "name": "subnet1",
      "provider": "provider[\"registry.terraform.io/hashicorp/azurerm\"]",
      "instances": [
        {
          "schema_version": 0,
          "attributes": {
            "address_prefixes": [
              "10.5.0.0/24"
            ],
            "default_outbound_access_enabled": true,
            "delegation": [],
            "id": "/subscriptions/28e22318-ce45-4187-bd12-b3954b658426/resourceGroups/rg-11/providers/Microsoft.Network/virtualNetworks/vnet1/subnets/subnet1",
            "name": "subnet1",
            "private_endpoint_network_policies": "Disabled",
            "private_link_service_network_policies_enabled": true,
            "resource_group_name": "rg-11",
            "service_endpoint_policy_ids": [],
            "service_endpoints": [],
            "timeouts": null,
            "virtual_network_name": "vnet1"
          },
          "sensitive_attributes": [],
          "private": "eyJlMmJmYjczMC1lY2FhLTExZTYtOGY4OC0zNDM2M2JjN2M0YzAiOnsiY3JlYXRlIjoxODAwMDAwMDAwMDAwLCJkZWxldGUiOjE4MDAwMDAwMDAwMDAsInJlYWQiOjMwMDAwMDAwMDAwMCwidXBkYXRlIjoxODAwMDAwMDAwMDAwfX0=",
          "dependencies": [
            "azurerm_resource_group.rg",
            "azurerm_virtual_network.vnet1"
          ]
        }
      ]
    },
    {
      "mode": "managed",
      "type": "azurerm_subnet",
      "name": "subnet2",
      "provider": "provider[\"registry.terraform.io/hashicorp/azurerm\"]",
      "instances": [
        {
          "schema_version": 0,
          "attributes": {
            "address_prefixes": [
              "10.15.0.0/24"
            ],
            "default_outbound_access_enabled": true,
            "delegation": [],
            "id": "/subscriptions/28e22318-ce45-4187-bd12-b3954b658426/resourceGroups/rg-11/providers/Microsoft.Network/virtualNetworks/vnet2/subnets/subnet2",
            "name": "subnet2",
            "private_endpoint_network_policies": "Disabled",
            "private_link_service_network_policies_enabled": true,
            "resource_group_name": "rg-11",
            "service_endpoint_policy_ids": [],
            "service_endpoints": [],
            "timeouts": null,
            "virtual_network_name": "vnet2"
          },
          "sensitive_attributes": [],
          "private": "eyJlMmJmYjczMC1lY2FhLTExZTYtOGY4OC0zNDM2M2JjN2M0YzAiOnsiY3JlYXRlIjoxODAwMDAwMDAwMDAwLCJkZWxldGUiOjE4MDAwMDAwMDAwMDAsInJlYWQiOjMwMDAwMDAwMDAwMCwidXBkYXRlIjoxODAwMDAwMDAwMDAwfX0=",
          "dependencies": [
            "azurerm_resource_group.rg",
            "azurerm_virtual_network.vnet2"
          ]
        }
      ]
    },
    {
      "mode": "managed",
      "type": "azurerm_virtual_network",
      "name": "vnet1",
      "provider": "provider[\"registry.terraform.io/hashicorp/azurerm\"]",
      "instances": [
        {
          "schema_version": 0,
          "attributes": {
            "address_space": [
              "10.5.0.0/16"
            ],
            "bgp_community": "",
            "ddos_protection_plan": [],
            "dns_servers": [],
            "edge_zone": "",
            "encryption": [],
            "flow_timeout_in_minutes": 0,
            "guid": "15f59660-4500-460d-9f40-da4b2a8b9d25",
            "id": "/subscriptions/28e22318-ce45-4187-bd12-b3954b658426/resourceGroups/rg-11/providers/Microsoft.Network/virtualNetworks/vnet1",
            "location": "australiaeast",
            "name": "vnet1",
            "resource_group_name": "rg-11",
            "subnet": [
              {
                "address_prefixes": [
                  "10.5.0.0/24"
                ],
                "default_outbound_access_enabled": true,
                "delegation": [],
                "id": "/subscriptions/28e22318-ce45-4187-bd12-b3954b658426/resourceGroups/rg-11/providers/Microsoft.Network/virtualNetworks/vnet1/subnets/subnet1",
                "name": "subnet1",
                "private_endpoint_network_policies": "Disabled",
                "private_link_service_network_policies_enabled": true,
                "route_table_id": "",
                "security_group": "",
                "service_endpoint_policy_ids": [],
                "service_endpoints": []
              }
            ],
            "tags": {},
            "timeouts": null
          },
          "sensitive_attributes": [],
          "private": "eyJlMmJmYjczMC1lY2FhLTExZTYtOGY4OC0zNDM2M2JjN2M0YzAiOnsiY3JlYXRlIjoxODAwMDAwMDAwMDAwLCJkZWxldGUiOjE4MDAwMDAwMDAwMDAsInJlYWQiOjMwMDAwMDAwMDAwMCwidXBkYXRlIjoxODAwMDAwMDAwMDAwfX0=",
          "dependencies": [
            "azurerm_resource_group.rg"
          ]
        }
      ]
    },
    {
      "mode": "managed",
      "type": "azurerm_virtual_network",
      "name": "vnet2",
      "provider": "provider[\"registry.terraform.io/hashicorp/azurerm\"]",
      "instances": [
        {
          "schema_version": 0,
          "attributes": {
            "address_space": [
              "10.15.0.0/16"
            ],
            "bgp_community": "",
            "ddos_protection_plan": [],
            "dns_servers": [],
            "edge_zone": "",
            "encryption": [],
            "flow_timeout_in_minutes": 0,
            "guid": "72771377-693f-45fc-9de4-f7624e5f751b",
            "id": "/subscriptions/28e22318-ce45-4187-bd12-b3954b658426/resourceGroups/rg-11/providers/Microsoft.Network/virtualNetworks/vnet2",
            "location": "australiaeast",
            "name": "vnet2",
            "resource_group_name": "rg-11",
            "subnet": [
              {
                "address_prefixes": [
                  "10.15.0.0/24"
                ],
                "default_outbound_access_enabled": true,
                "delegation": [],
                "id": "/subscriptions/28e22318-ce45-4187-bd12-b3954b658426/resourceGroups/rg-11/providers/Microsoft.Network/virtualNetworks/vnet2/subnets/subnet2",
                "name": "subnet2",
                "private_endpoint_network_policies": "Disabled",
                "private_link_service_network_policies_enabled": true,
                "route_table_id": "",
                "security_group": "",
                "service_endpoint_policy_ids": [],
                "service_endpoints": []
              }
            ],
            "tags": {},
            "timeouts": null
          },
          "sensitive_attributes": [],
          "private": "eyJlMmJmYjczMC1lY2FhLTExZTYtOGY4OC0zNDM2M2JjN2M0YzAiOnsiY3JlYXRlIjoxODAwMDAwMDAwMDAwLCJkZWxldGUiOjE4MDAwMDAwMDAwMDAsInJlYWQiOjMwMDAwMDAwMDAwMCwidXBkYXRlIjoxODAwMDAwMDAwMDAwfX0=",
          "dependencies": [
            "azurerm_resource_group.rg"
          ]
        }
      ]
    },
    {
      "mode": "managed",
      "type": "azurerm_virtual_network_peering",
      "name": "peering1to2",
      "provider": "provider[\"registry.terraform.io/hashicorp/azurerm\"]",
      "instances": [
        {
          "schema_version": 0,
          "attributes": {
            "allow_forwarded_traffic": true,
            "allow_gateway_transit": false,
            "allow_virtual_network_access": true,
            "id": "/subscriptions/28e22318-ce45-4187-bd12-b3954b658426/resourceGroups/rg-11/providers/Microsoft.Network/virtualNetworks/vnet1/virtualNetworkPeerings/vnet1-to-vnet2",
            "local_subnet_names": [],
            "name": "vnet1-to-vnet2",
            "only_ipv6_peering_enabled": false,
            "peer_complete_virtual_networks_enabled": true,
            "remote_subnet_names": [],
            "remote_virtual_network_id": "/subscriptions/28e22318-ce45-4187-bd12-b3954b658426/resourceGroups/rg-11/providers/Microsoft.Network/virtualNetworks/vnet2",
            "resource_group_name": "rg-11",
            "timeouts": null,
            "triggers": null,
            "use_remote_gateways": false,
            "virtual_network_name": "vnet1"
          },
          "sensitive_attributes": [],
          "private": "eyJlMmJmYjczMC1lY2FhLTExZTYtOGY4OC0zNDM2M2JjN2M0YzAiOnsiY3JlYXRlIjoxODAwMDAwMDAwMDAwLCJkZWxldGUiOjE4MDAwMDAwMDAwMDAsInJlYWQiOjMwMDAwMDAwMDAwMCwidXBkYXRlIjoxODAwMDAwMDAwMDAwfX0=",
          "dependencies": [
            "azurerm_resource_group.rg",
            "azurerm_virtual_network.vnet1",
            "azurerm_virtual_network.vnet2"
          ]
        }
      ]
    },
    {
      "mode": "managed",
      "type": "azurerm_virtual_network_peering",
      "name": "peering2to1",
      "provider": "provider[\"registry.terraform.io/hashicorp/azurerm\"]",
      "instances": [
        {
          "schema_version": 0,
          "attributes": {
            "allow_forwarded_traffic": true,
            "allow_gateway_transit": false,
            "allow_virtual_network_access": true,
            "id": "/subscriptions/28e22318-ce45-4187-bd12-b3954b658426/resourceGroups/rg-11/providers/Microsoft.Network/virtualNetworks/vnet2/virtualNetworkPeerings/vnet2-to-vnet1",
            "local_subnet_names": [],
            "name": "vnet2-to-vnet1",
            "only_ipv6_peering_enabled": false,
            "peer_complete_virtual_networks_enabled": true,
            "remote_subnet_names": [],
            "remote_virtual_network_id": "/subscriptions/28e22318-ce45-4187-bd12-b3954b658426/resourceGroups/rg-11/providers/Microsoft.Network/virtualNetworks/vnet1",
            "resource_group_name": "rg-11",
            "timeouts": null,
            "triggers": null,
            "use_remote_gateways": false,
            "virtual_network_name": "vnet2"
          },
          "sensitive_attributes": [],
          "private": "eyJlMmJmYjczMC1lY2FhLTExZTYtOGY4OC0zNDM2M2JjN2M0YzAiOnsiY3JlYXRlIjoxODAwMDAwMDAwMDAwLCJkZWxldGUiOjE4MDAwMDAwMDAwMDAsInJlYWQiOjMwMDAwMDAwMDAwMCwidXBkYXRlIjoxODAwMDAwMDAwMDAwfX0=",
          "dependencies": [
            "azurerm_resource_group.rg",
            "azurerm_virtual_network.vnet1",
            "azurerm_virtual_network.vnet2"
          ]
        }
      ]
    },
    {
      "mode": "managed",
      "type": "local_file",
      "name": "private_key",
      "provider": "provider[\"registry.terraform.io/hashicorp/local\"]",
      "instances": [
        {
          "schema_version": 0,
          "attributes": {
            "content": "-----BEGIN RSA PRIVATE KEY-----\nMIIEowIBAAKCAQEAvsIDB8iR39Y3NIugbnpVmo9/R/iBVZtrWyr75FKoHB27t1jZ\nV2h95hRWvxIq+JYOUNyYO5YiwB1QCuHIRcN+Y2+GFyQZEJAAPQf/aAEJStTgFHE5\nxRsS+xrnVIBsaYP9JSQdlTDqg5e+fL365ABr+yXN16l16Dsx0imJS+6NmzjIy5Jt\nm/XIm4I/CdZ7Ueb94f9fbjVSus4mAvYyIZuQepjHLdwyp8fiXYhnhOKF5VwvYO36\n1Lpr/QN0+0c7ujeco8MJisX1vFynFHc/1L8xxRyOZIUOAHeUxvfmM8dpaAlHK2we\nB23LNZCha7dsJJUiYBogRJRcuXdr4mHgmeF7awIDAQABAoIBAA0izRSfIjR4yupq\nZwzUjcqL8SbinP1pK3ZmulvZuUveXEve6XCUeH78jZCwzpa5tpio6C7KQvBZ1GY7\ncBAlyzFLv78eND+ouut4/oSJ9brad+fQeDrzh1YVXzK5eT224hrJpuPcL3oKXAq5\nBmrnAIiV7NvaBo2Mbfzb8WFyNvwmSWuO6oMA4FgkIto+cY21Eo/zUy9uYsPOkGds\nA1Uigld3wK3LylE+IerAaLnKP+RVfqtBdZFhI477TWLfmiCzM1yQsm3G8HVGMoCQ\nR/u5zeqs+Ip2oqyv5+OKXfA51Mp7Ldo6ptyOSHiXfQ9et1nX30MBVxGDf2IcxtyE\nZvb63LkCgYEA0cl7+shmUawUVJyBpxsFAWdv0SsyJqNXHuzX1IC3CFZW1x6lb1v2\nFcFinSm7erZJ+2dXjHd6xi5qSa07Fz583AzC1p7VjMVdpKiZkPvhZVq+Qpfx6awT\nTDOgoiLQiJUiaK/ZVRU7P1VepZIGmrVrzxTZn0WoSjt8eP08NBWzai8CgYEA6Mdq\nOjgrJ7B+etPREXgGN95YseYfA1onqEy4nW+NCOiiXKgeMcts4FtZYhWNZMa7W1s0\nQAdwt+U9T3xHa4rpxhr/HxkDvWqQhZVJmYSkTLNEMLd2i2/74HW3RjAtGzueL3Z/\nChyBkBSciHrNbGAPVt/k44kSex17YDACXRRif4UCgYEAz0ipAuNODjbcI7o8dVPC\nP1/n4SIwPHM6WukkXOkNcOR2i7nRNtYDsf1Rpf6dKyPAt/KlU7qeigFEriXHdDEf\nCAJn5c4tLRm6bD7W9aWbUR03Tu95bSzEKI/+kRWbPMk2pX/TWzlOQEbm7Ov7MJQ/\nwO5WFQSrwyVB2P5GpSQoEasCgYAsX587W+u2FCn4JhqrltKwob0MpI5y6CO5LG7g\n7BvZf+c7fHzNBzdJCYDfdrZOaKfcgWVTc1ekZpmqZkmDEacAsbLCbdVNrVvBazTt\ng+CCEoZENyTs7br5DdeTFKn0kAfWimMrPUXhflxck/RG3YTvDZ0nVsDkITmcm2pH\n7hPctQKBgC0HFy11RY3uNrqF0CALeM+nituRr06nxPTwuzZxT92Thv+eKhuUztFf\nivNAQ/n7b6EK0QgpTFj+qHhkJqy/syMUHkm3J2Xe+mlk5Gv9gIrI4lunFTBHWCWt\nTpafoRbg2Hz7F/Kj0uyeA46hXiYPP958RVPky4cmQWT+FO3/NSa4\n-----END RSA PRIVATE KEY-----\n",
            "content_base64": null,
            "content_base64sha256": "PxzYqoPsxtEoFqKtlC1sJNRWC6T9zpJ5I7J0bNAaBYk=",
            "content_base64sha512": "eehhfgtgOCnzu/rm5QqGF3k+D5KC2h0lTirZi5LSLia/+nKsPIUP98+bb9pqT2aEKNQdeta9VjFLkNuJGuHhMA==",
            "content_md5": "0851b35a66b29b2258fbf998bccfaebb",
            "content_sha1": "0cd86f024bbf286a07f4d30ccf3a9e4e7c2cedef",
            "content_sha256": "3f1cd8aa83ecc6d12816a2ad942d6c24d4560ba4fdce927923b2746cd01a0589",
            "content_sha512": "79e8617e0b603829f3bbfae6e50a8617793e0f9282da1d254e2ad98b92d22e26bffa72ac3c850ff7cf9b6fda6a4f668428d41d7ad6bd56314b90db891ae1e130",
            "directory_permission": "0777",
            "file_permission": "0777",
            "filename": "./id_rsa",
            "id": "0cd86f024bbf286a07f4d30ccf3a9e4e7c2cedef",
            "sensitive_content": null,
            "source": null
          },
          "sensitive_attributes": [
            [
              {
                "type": "get_attr",
                "value": "content"
              }
            ],
            [
              {
                "type": "get_attr",
                "value": "sensitive_content"
              }
            ]
          ],
          "dependencies": [
            "tls_private_key.ssh_key"
          ]
        }
      ]
    },
    {
      "mode": "managed",
      "type": "local_file",
      "name": "public_key",
      "provider": "provider[\"registry.terraform.io/hashicorp/local\"]",
      "instances": [
        {
          "schema_version": 0,
          "attributes": {
            "content": "ssh-rsa AAAAB3NzaC1yc2EAAAADAQABAAABAQC+wgMHyJHf1jc0i6BuelWaj39H+IFVm2tbKvvkUqgcHbu3WNlXaH3mFFa/Eir4lg5Q3Jg7liLAHVAK4chFw35jb4YXJBkQkAA9B/9oAQlK1OAUcTnFGxL7GudUgGxpg/0lJB2VMOqDl758vfrkAGv7Jc3XqXXoOzHSKYlL7o2bOMjLkm2b9cibgj8J1ntR5v3h/19uNVK6ziYC9jIhm5B6mMct3DKnx+JdiGeE4oXlXC9g7frUumv9A3T7Rzu6N5yjwwmKxfW8XKcUdz/UvzHFHI5khQ4Ad5TG9+Yzx2loCUcrbB4Hbcs1kKFrt2wklSJgGiBElFy5d2viYeCZ4Xtr\n",
            "content_base64": null,
            "content_base64sha256": "BaVXun8t5J2Z+9sEGh8Yxfl8a/ZdhXdPZ7Y8wZ+zMqM=",
            "content_base64sha512": "3wKcqkMIvbvhHnbxvLobcc2u3qLunhBF8Sj81l38wkVmmYGxOT4x+c/jx+JSnSfbExRt0uyccJujPvjgIiLuOg==",
            "content_md5": "5b0ed679c3090d47a3641f2a25153bbe",
            "content_sha1": "9036390c4e5d18ad9e4aba27405e976075c0f54d",
            "content_sha256": "05a557ba7f2de49d99fbdb041a1f18c5f97c6bf65d85774f67b63cc19fb332a3",
            "content_sha512": "df029caa4308bdbbe11e76f1bcba1b71cdaedea2ee9e1045f128fcd65dfcc245669981b1393e31f9cfe3c7e2529d27db13146dd2ec9c709ba33ef8e02222ee3a",
            "directory_permission": "0777",
            "file_permission": "0777",
            "filename": "./id_rsa.pub",
            "id": "9036390c4e5d18ad9e4aba27405e976075c0f54d",
            "sensitive_content": null,
            "source": null
          },
          "sensitive_attributes": [
            [
              {
                "type": "get_attr",
                "value": "sensitive_content"
              }
            ]
          ],
          "dependencies": [
            "tls_private_key.ssh_key"
          ]
        }
      ]
    },
    {
      "mode": "managed",
      "type": "tls_private_key",
      "name": "ssh_key",
      "provider": "provider[\"registry.terraform.io/hashicorp/tls\"]",
      "instances": [
        {
          "schema_version": 1,
          "attributes": {
            "algorithm": "RSA",
            "ecdsa_curve": "P224",
            "id": "690480740e5e9ecb5ea880ae9054c1ff6c3fd43a",
            "private_key_openssh": "-----BEGIN OPENSSH PRIVATE KEY-----\nb3BlbnNzaC1rZXktdjEAAAAABG5vbmUAAAAEbm9uZQAAAAAAAAABAAABFwAAAAdz\nc2gtcnNhAAAAAwEAAQAAAQEAvsIDB8iR39Y3NIugbnpVmo9/R/iBVZtrWyr75FKo\nHB27t1jZV2h95hRWvxIq+JYOUNyYO5YiwB1QCuHIRcN+Y2+GFyQZEJAAPQf/aAEJ\nStTgFHE5xRsS+xrnVIBsaYP9JSQdlTDqg5e+fL365ABr+yXN16l16Dsx0imJS+6N\nmzjIy5Jtm/XIm4I/CdZ7Ueb94f9fbjVSus4mAvYyIZuQepjHLdwyp8fiXYhnhOKF\n5VwvYO361Lpr/QN0+0c7ujeco8MJisX1vFynFHc/1L8xxRyOZIUOAHeUxvfmM8dp\naAlHK2weB23LNZCha7dsJJUiYBogRJRcuXdr4mHgmeF7awAAA7iwXTHBsF0xwQAA\nAAdzc2gtcnNhAAABAQC+wgMHyJHf1jc0i6BuelWaj39H+IFVm2tbKvvkUqgcHbu3\nWNlXaH3mFFa/Eir4lg5Q3Jg7liLAHVAK4chFw35jb4YXJBkQkAA9B/9oAQlK1OAU\ncTnFGxL7GudUgGxpg/0lJB2VMOqDl758vfrkAGv7Jc3XqXXoOzHSKYlL7o2bOMjL\nkm2b9cibgj8J1ntR5v3h/19uNVK6ziYC9jIhm5B6mMct3DKnx+JdiGeE4oXlXC9g\n7frUumv9A3T7Rzu6N5yjwwmKxfW8XKcUdz/UvzHFHI5khQ4Ad5TG9+Yzx2loCUcr\nbB4Hbcs1kKFrt2wklSJgGiBElFy5d2viYeCZ4XtrAAAAAwEAAQAAAQANIs0UnyI0\neMrqamcM1I3Ki/Em4pz9aSt2Zrpb2blL3lxL3ulwlHh+/I2QsM6WubaYqOguykLw\nWdRmO3AQJcsxS7+/HjQ/qLrreP6EifW62nfn0Hg684dWFV8yuXk9tuIayabj3C96\nClwKuQZq5wCIlezb2gaNjG382/Fhcjb8JklrjuqDAOBYJCLaPnGNtRKP81MvbmLD\nzpBnbANVIoJXd8Cty8pRPiHqwGi5yj/kVX6rQXWRYSOO+01i35ogszNckLJtxvB1\nRjKAkEf7uc3qrPiKdqKsr+fjil3wOdTKey3aOqbcjkh4l30PXrdZ199DAVcRg39i\nHMbchGb2+ty5AAAAgC0HFy11RY3uNrqF0CALeM+nituRr06nxPTwuzZxT92Thv+e\nKhuUztFfivNAQ/n7b6EK0QgpTFj+qHhkJqy/syMUHkm3J2Xe+mlk5Gv9gIrI4lun\nFTBHWCWtTpafoRbg2Hz7F/Kj0uyeA46hXiYPP958RVPky4cmQWT+FO3/NSa4AAAA\ngQDRyXv6yGZRrBRUnIGnGwUBZ2/RKzImo1ce7NfUgLcIVlbXHqVvW/YVwWKdKbt6\ntkn7Z1eMd3rGLmpJrTsXPnzcDMLWntWMxV2kqJmQ++FlWr5Cl/HprBNMM6CiItCI\nlSJor9lVFTs/VV6lkgaatWvPFNmfRahKO3x4/Tw0FbNqLwAAAIEA6MdqOjgrJ7B+\netPREXgGN95YseYfA1onqEy4nW+NCOiiXKgeMcts4FtZYhWNZMa7W1s0QAdwt+U9\nT3xHa4rpxhr/HxkDvWqQhZVJmYSkTLNEMLd2i2/74HW3RjAtGzueL3Z/ChyBkBSc\niHrNbGAPVt/k44kSex17YDACXRRif4UAAAAAAQID\n-----END OPENSSH PRIVATE KEY-----\n",
            "private_key_pem": "-----BEGIN RSA PRIVATE KEY-----\nMIIEowIBAAKCAQEAvsIDB8iR39Y3NIugbnpVmo9/R/iBVZtrWyr75FKoHB27t1jZ\nV2h95hRWvxIq+JYOUNyYO5YiwB1QCuHIRcN+Y2+GFyQZEJAAPQf/aAEJStTgFHE5\nxRsS+xrnVIBsaYP9JSQdlTDqg5e+fL365ABr+yXN16l16Dsx0imJS+6NmzjIy5Jt\nm/XIm4I/CdZ7Ueb94f9fbjVSus4mAvYyIZuQepjHLdwyp8fiXYhnhOKF5VwvYO36\n1Lpr/QN0+0c7ujeco8MJisX1vFynFHc/1L8xxRyOZIUOAHeUxvfmM8dpaAlHK2we\nB23LNZCha7dsJJUiYBogRJRcuXdr4mHgmeF7awIDAQABAoIBAA0izRSfIjR4yupq\nZwzUjcqL8SbinP1pK3ZmulvZuUveXEve6XCUeH78jZCwzpa5tpio6C7KQvBZ1GY7\ncBAlyzFLv78eND+ouut4/oSJ9brad+fQeDrzh1YVXzK5eT224hrJpuPcL3oKXAq5\nBmrnAIiV7NvaBo2Mbfzb8WFyNvwmSWuO6oMA4FgkIto+cY21Eo/zUy9uYsPOkGds\nA1Uigld3wK3LylE+IerAaLnKP+RVfqtBdZFhI477TWLfmiCzM1yQsm3G8HVGMoCQ\nR/u5zeqs+Ip2oqyv5+OKXfA51Mp7Ldo6ptyOSHiXfQ9et1nX30MBVxGDf2IcxtyE\nZvb63LkCgYEA0cl7+shmUawUVJyBpxsFAWdv0SsyJqNXHuzX1IC3CFZW1x6lb1v2\nFcFinSm7erZJ+2dXjHd6xi5qSa07Fz583AzC1p7VjMVdpKiZkPvhZVq+Qpfx6awT\nTDOgoiLQiJUiaK/ZVRU7P1VepZIGmrVrzxTZn0WoSjt8eP08NBWzai8CgYEA6Mdq\nOjgrJ7B+etPREXgGN95YseYfA1onqEy4nW+NCOiiXKgeMcts4FtZYhWNZMa7W1s0\nQAdwt+U9T3xHa4rpxhr/HxkDvWqQhZVJmYSkTLNEMLd2i2/74HW3RjAtGzueL3Z/\nChyBkBSciHrNbGAPVt/k44kSex17YDACXRRif4UCgYEAz0ipAuNODjbcI7o8dVPC\nP1/n4SIwPHM6WukkXOkNcOR2i7nRNtYDsf1Rpf6dKyPAt/KlU7qeigFEriXHdDEf\nCAJn5c4tLRm6bD7W9aWbUR03Tu95bSzEKI/+kRWbPMk2pX/TWzlOQEbm7Ov7MJQ/\nwO5WFQSrwyVB2P5GpSQoEasCgYAsX587W+u2FCn4JhqrltKwob0MpI5y6CO5LG7g\n7BvZf+c7fHzNBzdJCYDfdrZOaKfcgWVTc1ekZpmqZkmDEacAsbLCbdVNrVvBazTt\ng+CCEoZENyTs7br5DdeTFKn0kAfWimMrPUXhflxck/RG3YTvDZ0nVsDkITmcm2pH\n7hPctQKBgC0HFy11RY3uNrqF0CALeM+nituRr06nxPTwuzZxT92Thv+eKhuUztFf\nivNAQ/n7b6EK0QgpTFj+qHhkJqy/syMUHkm3J2Xe+mlk5Gv9gIrI4lunFTBHWCWt\nTpafoRbg2Hz7F/Kj0uyeA46hXiYPP958RVPky4cmQWT+FO3/NSa4\n-----END RSA PRIVATE KEY-----\n",
            "private_key_pem_pkcs8": "-----BEGIN PRIVATE KEY-----\nMIIEvQIBADANBgkqhkiG9w0BAQEFAASCBKcwggSjAgEAAoIBAQC+wgMHyJHf1jc0\ni6BuelWaj39H+IFVm2tbKvvkUqgcHbu3WNlXaH3mFFa/Eir4lg5Q3Jg7liLAHVAK\n4chFw35jb4YXJBkQkAA9B/9oAQlK1OAUcTnFGxL7GudUgGxpg/0lJB2VMOqDl758\nvfrkAGv7Jc3XqXXoOzHSKYlL7o2bOMjLkm2b9cibgj8J1ntR5v3h/19uNVK6ziYC\n9jIhm5B6mMct3DKnx+JdiGeE4oXlXC9g7frUumv9A3T7Rzu6N5yjwwmKxfW8XKcU\ndz/UvzHFHI5khQ4Ad5TG9+Yzx2loCUcrbB4Hbcs1kKFrt2wklSJgGiBElFy5d2vi\nYeCZ4XtrAgMBAAECggEADSLNFJ8iNHjK6mpnDNSNyovxJuKc/Wkrdma6W9m5S95c\nS97pcJR4fvyNkLDOlrm2mKjoLspC8FnUZjtwECXLMUu/vx40P6i663j+hIn1utp3\n59B4OvOHVhVfMrl5PbbiGsmm49wvegpcCrkGaucAiJXs29oGjYxt/NvxYXI2/CZJ\na47qgwDgWCQi2j5xjbUSj/NTL25iw86QZ2wDVSKCV3fArcvKUT4h6sBouco/5FV+\nq0F1kWEjjvtNYt+aILMzXJCybcbwdUYygJBH+7nN6qz4inairK/n44pd8DnUynst\n2jqm3I5IeJd9D163WdffQwFXEYN/YhzG3IRm9vrcuQKBgQDRyXv6yGZRrBRUnIGn\nGwUBZ2/RKzImo1ce7NfUgLcIVlbXHqVvW/YVwWKdKbt6tkn7Z1eMd3rGLmpJrTsX\nPnzcDMLWntWMxV2kqJmQ++FlWr5Cl/HprBNMM6CiItCIlSJor9lVFTs/VV6lkgaa\ntWvPFNmfRahKO3x4/Tw0FbNqLwKBgQDox2o6OCsnsH5609EReAY33lix5h8DWieo\nTLidb40I6KJcqB4xy2zgW1liFY1kxrtbWzRAB3C35T1PfEdriunGGv8fGQO9apCF\nlUmZhKRMs0Qwt3aLb/vgdbdGMC0bO54vdn8KHIGQFJyIes1sYA9W3+TjiRJ7HXtg\nMAJdFGJ/hQKBgQDPSKkC404ONtwjujx1U8I/X+fhIjA8czpa6SRc6Q1w5HaLudE2\n1gOx/VGl/p0rI8C38qVTup6KAUSuJcd0MR8IAmflzi0tGbpsPtb1pZtRHTdO73lt\nLMQoj/6RFZs8yTalf9NbOU5ARubs6/swlD/A7lYVBKvDJUHY/kalJCgRqwKBgCxf\nnztb67YUKfgmGquW0rChvQykjnLoI7ksbuDsG9l/5zt8fM0HN0kJgN92tk5op9yB\nZVNzV6RmmapmSYMRpwCxssJt1U2tW8FrNO2D4IIShkQ3JOztuvkN15MUqfSQB9aK\nYys9ReF+XFyT9EbdhO8NnSdWwOQhOZybakfuE9y1AoGALQcXLXVFje42uoXQIAt4\nz6eK25GvTqfE9PC7NnFP3ZOG/54qG5TO0V+K80BD+ftvoQrRCClMWP6oeGQmrL+z\nIxQeSbcnZd76aWTka/2AisjiW6cVMEdYJa1Olp+hFuDYfPsX8qPS7J4DjqFeJg8/\n3nxFU+TLhyZBZP4U7f81Jrg=\n-----END PRIVATE KEY-----\n",
            "public_key_fingerprint_md5": "d8:93:67:28:c8:15:a2:99:b8:d2:ae:cc:c6:8c:a1:7a",
            "public_key_fingerprint_sha256": "SHA256:LHZXtiSckk2nOaOriS5JCulhrLGXLQryXAygnL9iY6M",
            "public_key_openssh": "ssh-rsa AAAAB3NzaC1yc2EAAAADAQABAAABAQC+wgMHyJHf1jc0i6BuelWaj39H+IFVm2tbKvvkUqgcHbu3WNlXaH3mFFa/Eir4lg5Q3Jg7liLAHVAK4chFw35jb4YXJBkQkAA9B/9oAQlK1OAUcTnFGxL7GudUgGxpg/0lJB2VMOqDl758vfrkAGv7Jc3XqXXoOzHSKYlL7o2bOMjLkm2b9cibgj8J1ntR5v3h/19uNVK6ziYC9jIhm5B6mMct3DKnx+JdiGeE4oXlXC9g7frUumv9A3T7Rzu6N5yjwwmKxfW8XKcUdz/UvzHFHI5khQ4Ad5TG9+Yzx2loCUcrbB4Hbcs1kKFrt2wklSJgGiBElFy5d2viYeCZ4Xtr\n",
            "public_key_pem": "-----BEGIN PUBLIC KEY-----\nMIIBIjANBgkqhkiG9w0BAQEFAAOCAQ8AMIIBCgKCAQEAvsIDB8iR39Y3NIugbnpV\nmo9/R/iBVZtrWyr75FKoHB27t1jZV2h95hRWvxIq+JYOUNyYO5YiwB1QCuHIRcN+\nY2+GFyQZEJAAPQf/aAEJStTgFHE5xRsS+xrnVIBsaYP9JSQdlTDqg5e+fL365ABr\n+yXN16l16Dsx0imJS+6NmzjIy5Jtm/XIm4I/CdZ7Ueb94f9fbjVSus4mAvYyIZuQ\nepjHLdwyp8fiXYhnhOKF5VwvYO361Lpr/QN0+0c7ujeco8MJisX1vFynFHc/1L8x\nxRyOZIUOAHeUxvfmM8dpaAlHK2weB23LNZCha7dsJJUiYBogRJRcuXdr4mHgmeF7\nawIDAQAB\n-----END PUBLIC KEY-----\n",
            "rsa_bits": 2048
          },
          "sensitive_attributes": [
            [
              {
                "type": "get_attr",
                "value": "private_key_openssh"
              }
            ],
            [
              {
                "type": "get_attr",
                "value": "private_key_pem"
              }
            ],
            [
              {
                "type": "get_attr",
                "value": "private_key_pem_pkcs8"
              }
            ]
          ]
        }
      ]
    }
  ],
  "check_results": null
}
