{
  "version": 4,
  "terraform_version": "1.9.8",
  "serial": 13,
  "lineage": "167275da-58d5-bdfe-1642-f97252aa2c4f",
  "outputs": {},
  "resources": [
    {
      "mode": "managed",
      "type": "azurerm_linux_virtual_machine",
      "name": "lvm",
      "provider": "provider[\"registry.terraform.io/hashicorp/azurerm\"]",
      "instances": [
        {
          "schema_version": 0,
          "attributes": {
            "additional_capabilities": [],
            "admin_password": null,
            "admin_ssh_key": [
              {
                "public_key": "ssh-rsa AAAAB3NzaC1yc2EAAAADAQABAAABgQChaWOzGFpFb8zDUu92Tn0N33IgabFi4QeHzjRKaWqA5TY/um0a8gKz+O0oBB+YrvXH2J/w+6bKCWQbag/L/YTIt5e64REJLcy/+rGDwwV+MhktPii6W5PlZJtupxjHhRddPUqa0KnXQo1GTN+RF2McWWjtaJeGhjgs+nrwi9RQsKw9aIV/PgLtk0pvKh13EoDdqMdzlVOOWxTM08mt95X1mv1U1jy9VSaus+SkFFHhIUgpsrAFcyFp4l3p+sEElM01SdUK9SuMY2yMFMqIdUSmvG79C2jV/VcYIyN1K/goSY6rKSLfJXwtmusJ5C4jFrWK6attnm1wjyPAAt3ZydubIzboFp2OtC+QqkO6KxB8dmvSZZa3AeulY0HFTiAEyeslp56rEpwg0IlcRpyAw9tEBt6SdvHl1z0jpQi+bZZXLHkIhRJN+em1hNiGDFWiy6sO9dwOmBhcuWcYGDgLaRkhEHe5YuuOmEW0wmm/B1MbSD0XvJLEjCdA3+PZADpc49M= azureuser@vm1\n",
                "username": "azureuser"
              }
            ],
            "admin_username": "azureuser",
            "allow_extension_operations": true,
            "availability_set_id": "",
            "boot_diagnostics": [],
            "bypass_platform_safety_checks_on_user_schedule_enabled": false,
            "capacity_reservation_group_id": "",
            "computer_name": "vm",
            "custom_data": null,
            "dedicated_host_group_id": "",
            "dedicated_host_id": "",
            "disable_password_authentication": true,
            "disk_controller_type": "SCSI",
            "edge_zone": "",
            "encryption_at_host_enabled": false,
            "eviction_policy": "",
            "extensions_time_budget": "PT1H30M",
            "gallery_application": [],
            "id": "/subscriptions/28e22318-ce45-4187-bd12-b3954b658426/resourceGroups/aj1terraform_rg/providers/Microsoft.Compute/virtualMachines/vm",
            "identity": [],
            "license_type": "",
            "location": "centralus",
            "max_bid_price": -1,
            "name": "vm",
            "network_interface_ids": [
              "/subscriptions/28e22318-ce45-4187-bd12-b3954b658426/resourceGroups/aj1terraform_rg/providers/Microsoft.Network/networkInterfaces/nic"
            ],
            "os_disk": [
              {
                "caching": "ReadWrite",
                "diff_disk_settings": [],
                "disk_encryption_set_id": "",
                "disk_size_gb": 30,
                "name": "vm_OsDisk_1_35392ad3f7534d59a472fbf4a68aef75",
                "secure_vm_disk_encryption_set_id": "",
                "security_encryption_type": "",
                "storage_account_type": "Standard_LRS",
                "write_accelerator_enabled": false
              }
            ],
            "os_image_notification": [],
            "patch_assessment_mode": "ImageDefault",
            "patch_mode": "ImageDefault",
            "plan": [],
            "platform_fault_domain": -1,
            "priority": "Regular",
            "private_ip_address": "10.5.10.4",
            "private_ip_addresses": [
              "10.5.10.4"
            ],
            "provision_vm_agent": true,
            "proximity_placement_group_id": "",
            "public_ip_address": "40.86.1.216",
            "public_ip_addresses": [
              "40.86.1.216"
            ],
            "reboot_setting": "",
            "resource_group_name": "aj1terraform_rg",
            "secret": [],
            "secure_boot_enabled": false,
            "size": "Standard_DS1_v2",
            "source_image_id": "",
            "source_image_reference": [
              {
                "offer": "ubuntu-24_04-lts",
                "publisher": "Canonical",
                "sku": "server",
                "version": "latest"
              }
            ],
            "tags": {},
            "termination_notification": [],
            "timeouts": null,
            "user_data": "",
            "virtual_machine_id": "6f3b81b0-7a2a-48e4-86a7-ed0e2e607069",
            "virtual_machine_scale_set_id": "",
            "vm_agent_platform_updates_enabled": false,
            "vtpm_enabled": false,
            "zone": ""
          },
          "sensitive_attributes": [
            [
              {
                "type": "get_attr",
                "value": "custom_data"
              }
            ],
            [
              {
                "type": "get_attr",
                "value": "admin_password"
              }
            ]
          ],
          "private": "eyJlMmJmYjczMC1lY2FhLTExZTYtOGY4OC0zNDM2M2JjN2M0YzAiOnsiY3JlYXRlIjoyNzAwMDAwMDAwMDAwLCJkZWxldGUiOjI3MDAwMDAwMDAwMDAsInJlYWQiOjMwMDAwMDAwMDAwMCwidXBkYXRlIjoyNzAwMDAwMDAwMDAwfX0=",
          "dependencies": [
            "azurerm_network_interface.nic",
            "azurerm_public_ip.pip",
            "azurerm_resource_group.rg",
            "azurerm_subnet.sbnet",
            "azurerm_virtual_network.vnet"
          ]
        }
      ]
    },
    {
      "mode": "managed",
      "type": "azurerm_network_interface",
      "name": "nic",
      "provider": "provider[\"registry.terraform.io/hashicorp/azurerm\"]",
      "instances": [
        {
          "schema_version": 0,
          "attributes": {
            "accelerated_networking_enabled": false,
            "applied_dns_servers": [],
            "auxiliary_mode": "",
            "auxiliary_sku": "",
            "dns_servers": [],
            "edge_zone": "",
            "id": "/subscriptions/28e22318-ce45-4187-bd12-b3954b658426/resourceGroups/aj1terraform_rg/providers/Microsoft.Network/networkInterfaces/nic",
            "internal_dns_name_label": "",
            "internal_domain_name_suffix": "",
            "ip_configuration": [
              {
                "gateway_load_balancer_frontend_ip_configuration_id": "",
                "name": "ip",
                "primary": true,
                "private_ip_address": "10.5.10.4",
                "private_ip_address_allocation": "Dynamic",
                "private_ip_address_version": "IPv4",
                "public_ip_address_id": "/subscriptions/28e22318-ce45-4187-bd12-b3954b658426/resourceGroups/aj1terraform_rg/providers/Microsoft.Network/publicIPAddresses/pip",
                "subnet_id": "/subscriptions/28e22318-ce45-4187-bd12-b3954b658426/resourceGroups/aj1terraform_rg/providers/Microsoft.Network/virtualNetworks/terraform_vnet/subnets/terraform_snet"
              }
            ],
            "ip_forwarding_enabled": false,
            "location": "centralus",
            "mac_address": "00-22-48-4A-3A-C2",
            "name": "nic",
            "private_ip_address": "10.5.10.4",
            "private_ip_addresses": [
              "10.5.10.4"
            ],
            "resource_group_name": "aj1terraform_rg",
            "tags": {},
            "timeouts": null,
            "virtual_machine_id": "/subscriptions/28e22318-ce45-4187-bd12-b3954b658426/resourceGroups/aj1terraform_rg/providers/Microsoft.Compute/virtualMachines/vm"
          },
          "sensitive_attributes": [],
          "private": "eyJlMmJmYjczMC1lY2FhLTExZTYtOGY4OC0zNDM2M2JjN2M0YzAiOnsiY3JlYXRlIjoxODAwMDAwMDAwMDAwLCJkZWxldGUiOjE4MDAwMDAwMDAwMDAsInJlYWQiOjMwMDAwMDAwMDAwMCwidXBkYXRlIjoxODAwMDAwMDAwMDAwfX0=",
          "dependencies": [
            "azurerm_public_ip.pip",
            "azurerm_resource_group.rg",
            "azurerm_subnet.sbnet",
            "azurerm_virtual_network.vnet"
          ]
        }
      ]
    },
    {
      "mode": "managed",
      "type": "azurerm_network_interface_security_group_association",
      "name": "nsgasoc",
      "provider": "provider[\"registry.terraform.io/hashicorp/azurerm\"]",
      "instances": [
        {
          "schema_version": 0,
          "attributes": {
            "id": "/subscriptions/28e22318-ce45-4187-bd12-b3954b658426/resourceGroups/aj1terraform_rg/providers/Microsoft.Network/networkInterfaces/nic|/subscriptions/28e22318-ce45-4187-bd12-b3954b658426/resourceGroups/aj1terraform_rg/providers/Microsoft.Network/networkSecurityGroups/nsg",
            "network_interface_id": "/subscriptions/28e22318-ce45-4187-bd12-b3954b658426/resourceGroups/aj1terraform_rg/providers/Microsoft.Network/networkInterfaces/nic",
            "network_security_group_id": "/subscriptions/28e22318-ce45-4187-bd12-b3954b658426/resourceGroups/aj1terraform_rg/providers/Microsoft.Network/networkSecurityGroups/nsg",
            "timeouts": null
          },
          "sensitive_attributes": [],
          "private": "eyJlMmJmYjczMC1lY2FhLTExZTYtOGY4OC0zNDM2M2JjN2M0YzAiOnsiY3JlYXRlIjoxODAwMDAwMDAwMDAwLCJkZWxldGUiOjE4MDAwMDAwMDAwMDAsInJlYWQiOjMwMDAwMDAwMDAwMH19",
          "dependencies": [
            "azurerm_network_interface.nic",
            "azurerm_network_security_group.nsg",
            "azurerm_public_ip.pip",
            "azurerm_resource_group.rg",
            "azurerm_subnet.sbnet",
            "azurerm_virtual_network.vnet"
          ]
        }
      ]
    },
    {
      "mode": "managed",
      "type": "azurerm_network_security_group",
      "name": "nsg",
      "provider": "provider[\"registry.terraform.io/hashicorp/azurerm\"]",
      "instances": [
        {
          "schema_version": 0,
          "attributes": {
            "id": "/subscriptions/28e22318-ce45-4187-bd12-b3954b658426/resourceGroups/aj1terraform_rg/providers/Microsoft.Network/networkSecurityGroups/nsg",
            "location": "centralus",
            "name": "nsg",
            "resource_group_name": "aj1terraform_rg",
            "security_rule": [
              {
                "access": "Allow",
                "description": "",
                "destination_address_prefix": "*",
                "destination_address_prefixes": [],
                "destination_application_security_group_ids": [],
                "destination_port_range": "22",
                "destination_port_ranges": [],
                "direction": "Inbound",
                "name": "sshport",
                "priority": 100,
                "protocol": "Tcp",
                "source_address_prefix": "*",
                "source_address_prefixes": [],
                "source_application_security_group_ids": [],
                "source_port_range": "*",
                "source_port_ranges": []
              }
            ],
            "tags": {},
            "timeouts": null
          },
          "sensitive_attributes": [],
          "private": "eyJlMmJmYjczMC1lY2FhLTExZTYtOGY4OC0zNDM2M2JjN2M0YzAiOnsiY3JlYXRlIjoxODAwMDAwMDAwMDAwLCJkZWxldGUiOjE4MDAwMDAwMDAwMDAsInJlYWQiOjMwMDAwMDAwMDAwMCwidXBkYXRlIjoxODAwMDAwMDAwMDAwfX0=",
          "dependencies": [
            "azurerm_resource_group.rg"
          ]
        }
      ]
    },
    {
      "mode": "managed",
      "type": "azurerm_public_ip",
      "name": "pip",
      "provider": "provider[\"registry.terraform.io/hashicorp/azurerm\"]",
      "instances": [
        {
          "schema_version": 0,
          "attributes": {
            "allocation_method": "Static",
            "ddos_protection_mode": "VirtualNetworkInherited",
            "ddos_protection_plan_id": null,
            "domain_name_label": null,
            "domain_name_label_scope": null,
            "edge_zone": "",
            "fqdn": null,
            "id": "/subscriptions/28e22318-ce45-4187-bd12-b3954b658426/resourceGroups/aj1terraform_rg/providers/Microsoft.Network/publicIPAddresses/pip",
            "idle_timeout_in_minutes": 4,
            "ip_address": "40.86.1.216",
            "ip_tags": {},
            "ip_version": "IPv4",
            "location": "centralus",
            "name": "pip",
            "public_ip_prefix_id": null,
            "resource_group_name": "aj1terraform_rg",
            "reverse_fqdn": null,
            "sku": "Standard",
            "sku_tier": "Regional",
            "tags": {},
            "timeouts": null,
            "zones": []
          },
          "sensitive_attributes": [],
          "private": "eyJlMmJmYjczMC1lY2FhLTExZTYtOGY4OC0zNDM2M2JjN2M0YzAiOnsiY3JlYXRlIjoxODAwMDAwMDAwMDAwLCJkZWxldGUiOjE4MDAwMDAwMDAwMDAsInJlYWQiOjMwMDAwMDAwMDAwMCwidXBkYXRlIjoxODAwMDAwMDAwMDAwfX0=",
          "dependencies": [
            "azurerm_resource_group.rg"
          ]
        }
      ]
    },
    {
      "mode": "managed",
      "type": "azurerm_resource_group",
      "name": "rg",
      "provider": "provider[\"registry.terraform.io/hashicorp/azurerm\"]",
      "instances": [
        {
          "schema_version": 0,
          "attributes": {
            "id": "/subscriptions/28e22318-ce45-4187-bd12-b3954b658426/resourceGroups/aj1terraform_rg",
            "location": "centralus",
            "managed_by": "",
            "name": "aj1terraform_rg",
            "tags": {},
            "timeouts": null
          },
          "sensitive_attributes": [],
          "private": "eyJlMmJmYjczMC1lY2FhLTExZTYtOGY4OC0zNDM2M2JjN2M0YzAiOnsiY3JlYXRlIjo1NDAwMDAwMDAwMDAwLCJkZWxldGUiOjU0MDAwMDAwMDAwMDAsInJlYWQiOjMwMDAwMDAwMDAwMCwidXBkYXRlIjo1NDAwMDAwMDAwMDAwfX0="
        }
      ]
    },
    {
      "mode": "managed",
      "type": "azurerm_ssh_public_key",
      "name": "ssh",
      "provider": "provider[\"registry.terraform.io/hashicorp/azurerm\"]",
      "instances": [
        {
          "schema_version": 0,
          "attributes": {
            "id": "/subscriptions/28e22318-ce45-4187-bd12-b3954b658426/resourceGroups/aj1terraform_rg/providers/Microsoft.Compute/sshPublicKeys/ssh_key",
            "location": "centralus",
            "name": "ssh_key",
            "public_key": "ssh-rsa AAAAB3NzaC1yc2EAAAADAQABAAABgQChaWOzGFpFb8zDUu92Tn0N33IgabFi4QeHzjRKaWqA5TY/um0a8gKz+O0oBB+YrvXH2J/w+6bKCWQbag/L/YTIt5e64REJLcy/+rGDwwV+MhktPii6W5PlZJtupxjHhRddPUqa0KnXQo1GTN+RF2McWWjtaJeGhjgs+nrwi9RQsKw9aIV/PgLtk0pvKh13EoDdqMdzlVOOWxTM08mt95X1mv1U1jy9VSaus+SkFFHhIUgpsrAFcyFp4l3p+sEElM01SdUK9SuMY2yMFMqIdUSmvG79C2jV/VcYIyN1K/goSY6rKSLfJXwtmusJ5C4jFrWK6attnm1wjyPAAt3ZydubIzboFp2OtC+QqkO6KxB8dmvSZZa3AeulY0HFTiAEyeslp56rEpwg0IlcRpyAw9tEBt6SdvHl1z0jpQi+bZZXLHkIhRJN+em1hNiGDFWiy6sO9dwOmBhcuWcYGDgLaRkhEHe5YuuOmEW0wmm/B1MbSD0XvJLEjCdA3+PZADpc49M= azureuser@vm1\n",
            "resource_group_name": "aj1terraform_rg",
            "tags": {},
            "timeouts": null
          },
          "sensitive_attributes": [],
          "private": "eyJlMmJmYjczMC1lY2FhLTExZTYtOGY4OC0zNDM2M2JjN2M0YzAiOnsiY3JlYXRlIjoyNzAwMDAwMDAwMDAwLCJkZWxldGUiOjI3MDAwMDAwMDAwMDAsInJlYWQiOjMwMDAwMDAwMDAwMCwidXBkYXRlIjoyNzAwMDAwMDAwMDAwfX0=",
          "dependencies": [
            "azurerm_resource_group.rg"
          ]
        }
      ]
    },
    {
      "mode": "managed",
      "type": "azurerm_subnet",
      "name": "sbnet",
      "provider": "provider[\"registry.terraform.io/hashicorp/azurerm\"]",
      "instances": [
        {
          "schema_version": 0,
          "attributes": {
            "address_prefixes": [
              "10.5.0.0/24",
              "10.5.10.0/24"
            ],
            "default_outbound_access_enabled": true,
            "delegation": [],
            "id": "/subscriptions/28e22318-ce45-4187-bd12-b3954b658426/resourceGroups/aj1terraform_rg/providers/Microsoft.Network/virtualNetworks/terraform_vnet/subnets/terraform_snet",
            "name": "terraform_snet",
            "private_endpoint_network_policies": "Disabled",
            "private_link_service_network_policies_enabled": true,
            "resource_group_name": "aj1terraform_rg",
            "service_endpoint_policy_ids": [],
            "service_endpoints": [],
            "timeouts": null,
            "virtual_network_name": "terraform_vnet"
          },
          "sensitive_attributes": [],
          "private": "eyJlMmJmYjczMC1lY2FhLTExZTYtOGY4OC0zNDM2M2JjN2M0YzAiOnsiY3JlYXRlIjoxODAwMDAwMDAwMDAwLCJkZWxldGUiOjE4MDAwMDAwMDAwMDAsInJlYWQiOjMwMDAwMDAwMDAwMCwidXBkYXRlIjoxODAwMDAwMDAwMDAwfX0=",
          "dependencies": [
            "azurerm_resource_group.rg",
            "azurerm_virtual_network.vnet"
          ]
        }
      ]
    },
    {
      "mode": "managed",
      "type": "azurerm_virtual_network",
      "name": "vnet",
      "provider": "provider[\"registry.terraform.io/hashicorp/azurerm\"]",
      "instances": [
        {
          "schema_version": 0,
          "attributes": {
            "address_space": [
              "10.5.0.0/16"
            ],
            "bgp_community": "",
            "ddos_protection_plan": [],
            "dns_servers": [],
            "edge_zone": "",
            "encryption": [],
            "flow_timeout_in_minutes": 0,
            "guid": "90fef817-b224-4f58-9f2e-61a915e6a6b1",
            "id": "/subscriptions/28e22318-ce45-4187-bd12-b3954b658426/resourceGroups/aj1terraform_rg/providers/Microsoft.Network/virtualNetworks/terraform_vnet",
            "location": "centralus",
            "name": "terraform_vnet",
            "resource_group_name": "aj1terraform_rg",
            "subnet": [
              {
                "address_prefixes": [
                  "10.5.0.0/24",
                  "10.5.10.0/24"
                ],
                "default_outbound_access_enabled": true,
                "delegation": [],
                "id": "/subscriptions/28e22318-ce45-4187-bd12-b3954b658426/resourceGroups/aj1terraform_rg/providers/Microsoft.Network/virtualNetworks/terraform_vnet/subnets/terraform_snet",
                "name": "terraform_snet",
                "private_endpoint_network_policies": "Disabled",
                "private_link_service_network_policies_enabled": true,
                "route_table_id": "",
                "security_group": "",
                "service_endpoint_policy_ids": [],
                "service_endpoints": []
              }
            ],
            "tags": {},
            "timeouts": null
          },
          "sensitive_attributes": [],
          "private": "eyJlMmJmYjczMC1lY2FhLTExZTYtOGY4OC0zNDM2M2JjN2M0YzAiOnsiY3JlYXRlIjoxODAwMDAwMDAwMDAwLCJkZWxldGUiOjE4MDAwMDAwMDAwMDAsInJlYWQiOjMwMDAwMDAwMDAwMCwidXBkYXRlIjoxODAwMDAwMDAwMDAwfX0=",
          "dependencies": [
            "azurerm_resource_group.rg"
          ]
        }
      ]
    }
  ],
  "check_results": null
}
